// !$*UTF8*$!
{
	archiveVersion = 1;
	classes = {
	};
	objectVersion = 46;
	objects = {

/* Begin PBXBuildFile section */
		02A6292E1A86559400201AB6 /* main.m in Sources */ = {isa = PBXBuildFile; fileRef = 02A6292D1A86559400201AB6 /* main.m */; };
		02A629361A8655C400201AB6 /* ContaBancaria.m in Sources */ = {isa = PBXBuildFile; fileRef = 02A629351A8655C400201AB6 /* ContaBancaria.m */; };
		02A629391A8655D400201AB6 /* ContaCorrente.m in Sources */ = {isa = PBXBuildFile; fileRef = 02A629381A8655D400201AB6 /* ContaCorrente.m */; };
		02A6293C1A8655E100201AB6 /* ContaPoupanca.m in Sources */ = {isa = PBXBuildFile; fileRef = 02A6293B1A8655E100201AB6 /* ContaPoupanca.m */; };
/* End PBXBuildFile section */

/* Begin PBXCopyFilesBuildPhase section */
		02A629281A86559400201AB6 /* CopyFiles */ = {
			isa = PBXCopyFilesBuildPhase;
			buildActionMask = 2147483647;
			dstPath = /usr/share/man/man1/;
			dstSubfolderSpec = 0;
			files = (
			);
			runOnlyForDeploymentPostprocessing = 1;
		};
/* End PBXCopyFilesBuildPhase section */

/* Begin PBXFileReference section */
		02A6292A1A86559400201AB6 /* Atividade3 */ = {isa = PBXFileReference; explicitFileType = "compiled.mach-o.executable"; includeInIndex = 0; path = Atividade3; sourceTree = BUILT_PRODUCTS_DIR; };
		02A6292D1A86559400201AB6 /* main.m */ = {isa = PBXFileReference; lastKnownFileType = sourcecode.c.objc; path = main.m; sourceTree = "<group>"; };
		02A629341A8655C400201AB6 /* ContaBancaria.h */ = {isa = PBXFileReference; fileEncoding = 4; lastKnownFileType = sourcecode.c.h; path = ContaBancaria.h; sourceTree = "<group>"; };
		02A629351A8655C400201AB6 /* ContaBancaria.m */ = {isa = PBXFileReference; fileEncoding = 4; lastKnownFileType = sourcecode.c.objc; path = ContaBancaria.m; sourceTree = "<group>"; };
		02A629371A8655D400201AB6 /* ContaCorrente.h */ = {isa = PBXFileReference; fileEncoding = 4; lastKnownFileType = sourcecode.c.h; path = ContaCorrente.h; sourceTree = "<group>"; };
		02A629381A8655D400201AB6 /* ContaCorrente.m */ = {isa = PBXFileReference; fileEncoding = 4; lastKnownFileType = sourcecode.c.objc; path = ContaCorrente.m; sourceTree = "<group>"; };
		02A6293A1A8655E100201AB6 /* ContaPoupanca.h */ = {isa = PBXFileReference; fileEncoding = 4; lastKnownFileType = sourcecode.c.h; path = ContaPoupanca.h; sourceTree = "<group>"; };
		02A6293B1A8655E100201AB6 /* ContaPoupanca.m */ = {isa = PBXFileReference; fileEncoding = 4; lastKnownFileType = sourcecode.c.objc; path = ContaPoupanca.m; sourceTree = "<group>"; };
/* End PBXFileReference section */

/* Begin PBXFrameworksBuildPhase section */
		02A629271A86559400201AB6 /* Frameworks */ = {
			isa = PBXFrameworksBuildPhase;
			buildActionMask = 2147483647;
			files = (
			);
			runOnlyForDeploymentPostprocessing = 0;
		};
/* End PBXFrameworksBuildPhase section */

/* Begin PBXGroup section */
		02A629211A86559400201AB6 = {
			isa = PBXGroup;
			children = (
				02A6293A1A8655E100201AB6 /* ContaPoupanca.h */,
				02A6293B1A8655E100201AB6 /* ContaPoupanca.m */,
				02A629371A8655D400201AB6 /* ContaCorrente.h */,
				02A629381A8655D400201AB6 /* ContaCorrente.m */,
				02A629341A8655C400201AB6 /* ContaBancaria.h */,
				02A629351A8655C400201AB6 /* ContaBancaria.m */,
				02A6292C1A86559400201AB6 /* Atividade3 */,
				02A6292B1A86559400201AB6 /* Products */,
			);
			sourceTree = "<group>";
		};
		02A6292B1A86559400201AB6 /* Products */ = {
			isa = PBXGroup;
			children = (
				02A6292A1A86559400201AB6 /* Atividade3 */,
			);
			name = Products;
			sourceTree = "<group>";
		};
		02A6292C1A86559400201AB6 /* Atividade3 */ = {
			isa = PBXGroup;
			children = (
				02A6292D1A86559400201AB6 /* main.m */,
			);
			path = Atividade3;
			sourceTree = "<group>";
		};
/* End PBXGroup section */

/* Begin PBXNativeTarget section */
		02A629291A86559400201AB6 /* Atividade3 */ = {
			isa = PBXNativeTarget;
			buildConfigurationList = 02A629311A86559400201AB6 /* Build configuration list for PBXNativeTarget "Atividade3" */;
			buildPhases = (
				02A629261A86559400201AB6 /* Sources */,
				02A629271A86559400201AB6 /* Frameworks */,
				02A629281A86559400201AB6 /* CopyFiles */,
			);
			buildRules = (
			);
			dependencies = (
			);
			name = Atividade3;
			productName = Atividade3;
			productReference = 02A6292A1A86559400201AB6 /* Atividade3 */;
			productType = "com.apple.product-type.tool";
		};
/* End PBXNativeTarget section */

/* Begin PBXProject section */
		02A629221A86559400201AB6 /* Project object */ = {
			isa = PBXProject;
			attributes = {
				LastUpgradeCheck = 0610;
				ORGANIZATIONNAME = "Lidia Chou";
				TargetAttributes = {
					02A629291A86559400201AB6 = {
						CreatedOnToolsVersion = 6.1.1;
					};
				};
			};
			buildConfigurationList = 02A629251A86559400201AB6 /* Build configuration list for PBXProject "Atividade3" */;
			compatibilityVersion = "Xcode 3.2";
			developmentRegion = English;
			hasScannedForEncodings = 0;
			knownRegions = (
				en,
			);
			mainGroup = 02A629211A86559400201AB6;
			productRefGroup = 02A6292B1A86559400201AB6 /* Products */;
			projectDirPath = "";
			projectRoot = "";
			targets = (
				02A629291A86559400201AB6 /* Atividade3 */,
			);
		};
/* End PBXProject section */

/* Begin PBXSourcesBuildPhase section */
		02A629261A86559400201AB6 /* Sources */ = {
			isa = PBXSourcesBuildPhase;
			buildActionMask = 2147483647;
			files = (
				02A629391A8655D400201AB6 /* ContaCorrente.m in Sources */,
				02A629361A8655C400201AB6 /* ContaBancaria.m in Sources */,
				02A6293C1A8655E100201AB6 /* ContaPoupanca.m in Sources */,
				02A6292E1A86559400201AB6 /* main.m in Sources */,
			);
			runOnlyForDeploymentPostprocessing = 0;
		};
/* End PBXSourcesBuildPhase section */

/* Begin XCBuildConfiguration section */
		02A6292F1A86559400201AB6 /* Debug */ = {
			isa = XCBuildConfiguration;
			buildSettings = {
				ALWAYS_SEARCH_USER_PATHS = NO;
				CLANG_CXX_LANGUAGE_STANDARD = "gnu++0x";
				CLANG_CXX_LIBRARY = "libc++";
				CLANG_ENABLE_MODULES = YES;
				CLANG_ENABLE_OBJC_ARC = YES;
				CLANG_WARN_BOOL_CONVERSION = YES;
				CLANG_WARN_CONSTANT_CONVERSION = YES;
				CLANG_WARN_DIRECT_OBJC_ISA_USAGE = YES_ERROR;
				CLANG_WARN_EMPTY_BODY = YES;
				CLANG_WARN_ENUM_CONVERSION = YES;
				CLANG_WARN_INT_CONVERSION = YES;
				CLANG_WARN_OBJC_ROOT_CLASS = YES_ERROR;
				CLANG_WARN_UNREACHABLE_CODE = YES;
				CLANG_WARN__DUPLICATE_METHOD_MATCH = YES;
				COPY_PHASE_STRIP = NO;
				ENABLE_STRICT_OBJC_MSGSEND = YES;
				GCC_C_LANGUAGE_STANDARD = gnu99;
				GCC_DYNAMIC_NO_PIC = NO;
				GCC_OPTIMIZATION_LEVEL = 0;
				GCC_PREPROCESSOR_DEFINITIONS = (
					"DEBUG=1",
					"$(inherited)",
				);
				GCC_SYMBOLS_PRIVATE_EXTERN = NO;
				GCC_WARN_64_TO_32_BIT_CONVERSION = YES;
				GCC_WARN_ABOUT_RETURN_TYPE = YES_ERROR;
				GCC_WARN_UNDECLARED_SELECTOR = YES;
				GCC_WARN_UNINITIALIZED_AUTOS = YES_AGGRESSIVE;
				GCC_WARN_UNUSED_FUNCTION = YES;
				GCC_WARN_UNUSED_VARIABLE = YES;
				MACOSX_DEPLOYMENT_TARGET = 10.10;
				MTL_ENABLE_DEBUG_INFO = YES;
				ONLY_ACTIVE_ARCH = YES;
				SDKROOT = macosx;
			};
			name = Debug;
		};
		02A629301A86559400201AB6 /* Release */ = {
			isa = XCBuildConfiguration;
			buildSettings = {
				ALWAYS_SEARCH_USER_PATHS = NO;
				CLANG_CXX_LANGUAGE_STANDARD = "gnu++0x";
				CLANG_CXX_LIBRARY = "libc++";
				CLANG_ENABLE_MODULES = YES;
				CLANG_ENABLE_OBJC_ARC = YES;
				CLANG_WARN_BOOL_CONVERSION = YES;
				CLANG_WARN_CONSTANT_CONVERSION = YES;
				CLANG_WARN_DIRECT_OBJC_ISA_USAGE = YES_ERROR;
				CLANG_WARN_EMPTY_BODY = YES;
				CLANG_WARN_ENUM_CONVERSION = YES;
				CLANG_WARN_INT_CONVERSION = YES;
				CLANG_WARN_OBJC_ROOT_CLASS = YES_ERROR;
				CLANG_WARN_UNREACHABLE_CODE = YES;
				CLANG_WARN__DUPLICATE_METHOD_MATCH = YES;
				COPY_PHASE_STRIP = YES;
				DEBUG_INFORMATION_FORMAT = "dwarf-with-dsym";
				ENABLE_NS_ASSERTIONS = NO;
				ENABLE_STRICT_OBJC_MSGSEND = YES;
				GCC_C_LANGUAGE_STANDARD = gnu99;
				GCC_WARN_64_TO_32_BIT_CONVERSION = YES;
				GCC_WARN_ABOUT_RETURN_TYPE = YES_ERROR;
				GCC_WARN_UNDECLARED_SELECTOR = YES;
				GCC_WARN_UNINITIALIZED_AUTOS = YES_AGGRESSIVE;
				GCC_WARN_UNUSED_FUNCTION = YES;
				GCC_WARN_UNUSED_VARIABLE = YES;
				MACOSX_DEPLOYMENT_TARGET = 10.10;
				MTL_ENABLE_DEBUG_INFO = NO;
				SDKROOT = macosx;
			};
			name = Release;
		};
		02A629321A86559400201AB6 /* Debug */ = {
			isa = XCBuildConfiguration;
			buildSettings = {
				PRODUCT_NAME = "$(TARGET_NAME)";
			};
			name = Debug;
		};
		02A629331A86559400201AB6 /* Release */ = {
			isa = XCBuildConfiguration;
			buildSettings = {
				PRODUCT_NAME = "$(TARGET_NAME)";
			};
			name = Release;
		};
/* End XCBuildConfiguration section */

/* Begin XCConfigurationList section */
		02A629251A86559400201AB6 /* Build configuration list for PBXProject "Atividade3" */ = {
			isa = XCConfigurationList;
			buildConfigurations = (
				02A6292F1A86559400201AB6 /* Debug */,
				02A629301A86559400201AB6 /* Release */,
			);
			defaultConfigurationIsVisible = 0;
			defaultConfigurationName = Release;
		};
		02A629311A86559400201AB6 /* Build configuration list for PBXNativeTarget "Atividade3" */ = {
			isa = XCConfigurationList;
			buildConfigurations = (
				02A629321A86559400201AB6 /* Debug */,
				02A629331A86559400201AB6 /* Release */,
			);
			defaultConfigurationIsVisible = 0;
		};
/* End XCConfigurationList section */
	};
	rootObject = 02A629221A86559400201AB6 /* Project object */;
}
